
Microsoft Visual Studio Solution File, Format Version 12.00
# Visual Studio Version 17
VisualStudioVersion = 17.0.31903.59
MinimumVisualStudioVersion = 10.0.40219.1
Project("{FAE04EC0-301F-11D3-BF4B-00C04F79EFBC}") = "API", "API\API.csproj", "{39D13A06-39A9-4AF5-B9D0-216A93F6815B}"
EndProject
Project("{FAE04EC0-301F-11D3-BF4B-00C04F79EFBC}") = "Infrastructure", "Infrastructure\Infrastructure.csproj", "{D3BEADD6-3A8B-4E6A-B1E7-4B814419C7FC}"
EndProject
Project("{FAE04EC0-301F-11D3-BF4B-00C04F79EFBC}") = "Core", "Core\Core.csproj", "{19B2EBE2-7626-45C4-B985-376C4642DC25}"
EndProject
Global
	GlobalSection(SolutionConfigurationPlatforms) = preSolution
		Debug|Any CPU = Debug|Any CPU
		Release|Any CPU = Release|Any CPU
	EndGlobalSection
	GlobalSection(SolutionProperties) = preSolution
		HideSolutionNode = FALSE
	EndGlobalSection
	GlobalSection(ProjectConfigurationPlatforms) = postSolution
		{39D13A06-39A9-4AF5-B9D0-216A93F6815B}.Debug|Any CPU.ActiveCfg = Debug|Any CPU
		{39D13A06-39A9-4AF5-B9D0-216A93F6815B}.Debug|Any CPU.Build.0 = Debug|Any CPU
		{39D13A06-39A9-4AF5-B9D0-216A93F6815B}.Release|Any CPU.ActiveCfg = Release|Any CPU
		{39D13A06-39A9-4AF5-B9D0-216A93F6815B}.Release|Any CPU.Build.0 = Release|Any CPU
		{D3BEADD6-3A8B-4E6A-B1E7-4B814419C7FC}.Debug|Any CPU.ActiveCfg = Debug|Any CPU
		{D3BEADD6-3A8B-4E6A-B1E7-4B814419C7FC}.Debug|Any CPU.Build.0 = Debug|Any CPU
		{D3BEADD6-3A8B-4E6A-B1E7-4B814419C7FC}.Release|Any CPU.ActiveCfg = Release|Any CPU
		{D3BEADD6-3A8B-4E6A-B1E7-4B814419C7FC}.Release|Any CPU.Build.0 = Release|Any CPU
		{19B2EBE2-7626-45C4-B985-376C4642DC25}.Debug|Any CPU.ActiveCfg = Debug|Any CPU
		{19B2EBE2-7626-45C4-B985-376C4642DC25}.Debug|Any CPU.Build.0 = Debug|Any CPU
		{19B2EBE2-7626-45C4-B985-376C4642DC25}.Release|Any CPU.ActiveCfg = Release|Any CPU
		{19B2EBE2-7626-45C4-B985-376C4642DC25}.Release|Any CPU.Build.0 = Release|Any CPU
	EndGlobalSection
EndGlobal
